{
  "originHash" : "100670d8ae10d24991596d3027fff03ef1c2994fe506301632726174249e71dc",
  "pins" : [
    {
      "identity" : "ffmpegkit",
      "kind" : "remoteSourceControl",
      "location" : "https://github.com/superuser404notfound/FFmpegKit",
      "state" : {
        "branch" : "main",
        "revision" : "c6ea4bbbfd819037d0a9f530acacd0b686d70c16"
      }
    }
  ],
  "version" : 3
}
