{
  "originHash" : "e346bff54c889a087f74da7ca421ae84c8a6cce9e2ee150db8ab63b357d230ce",
  "pins" : [
    {
      "identity" : "aetherengine",
      "kind" : "remoteSourceControl",
      "location" : "https://github.com/superuser404notfound/AetherEngine",
      "state" : {
        "branch" : "main",
        "revision" : "094f1d5977eb155725f7ba8281e6c18a0d468568"
      }
    },
    {
      "identity" : "ffmpegbuild",
      "kind" : "remoteSourceControl",
      "location" : "https://github.com/superuser404notfound/FFmpegBuild",
      "state" : {
        "branch" : "main",
        "revision" : "207263e95499465e3b2918ea16ea757a5377b434"
      }
    }
  ],
  "version" : 3
}
